
Microsoft Visual Studio Solution File, Format Version 12.00
# Visual Studio Version 17
VisualStudioVersion = 17.5.002.0
MinimumVisualStudioVersion = 10.0.40219.1
Project("{9A19103F-16F7-4668-BE54-9A1E7A4F7556}") = "autolog", "autolog.csproj", "{3A6B6E0A-D34A-4708-9D86-A92FD94D7E50}"
EndProject
Global
	GlobalSection(SolutionConfigurationPlatforms) = preSolution
		Debug|Any CPU = Debug|Any CPU
		Release|Any CPU = Release|Any CPU
	EndGlobalSection
	GlobalSection(ProjectConfigurationPlatforms) = postSolution
		{3A6B6E0A-D34A-4708-9D86-A92FD94D7E50}.Debug|Any CPU.ActiveCfg = Debug|Any CPU
		{3A6B6E0A-D34A-4708-9D86-A92FD94D7E50}.Debug|Any CPU.Build.0 = Debug|Any CPU
		{3A6B6E0A-D34A-4708-9D86-A92FD94D7E50}.Release|Any CPU.ActiveCfg = Release|Any CPU
		{3A6B6E0A-D34A-4708-9D86-A92FD94D7E50}.Release|Any CPU.Build.0 = Release|Any CPU
	EndGlobalSection
	GlobalSection(SolutionProperties) = preSolution
		HideSolutionNode = FALSE
	EndGlobalSection
	GlobalSection(ExtensibilityGlobals) = postSolution
		SolutionGuid = {171F69E3-61D6-48BE-804A-1ED91DDBB709}
	EndGlobalSection
EndGlobal
